
Microsoft Visual Studio Solution File, Format Version 12.00
# Visual Studio Version 17
VisualStudioVersion = 17.3.32929.385
MinimumVisualStudioVersion = 10.0.40219.1
Project("{9A19103F-16F7-4668-BE54-9A1E7A4F7556}") = "Api", "Api\Api.csproj", "{1DF99AB5-7EAF-4292-98EB-D46253C2C363}"
EndProject
Project("{9A19103F-16F7-4668-BE54-9A1E7A4F7556}") = "Infrastructure", "Infrastructure\Infrastructure.csproj", "{067DAA47-C1FB-4E80-8FE8-C4D258566F27}"
EndProject
Project("{FAE04EC0-301F-11D3-BF4B-00C04F79EFBC}") = "Application", "Application\Application.csproj", "{77A9038C-AC5C-4FE8-ACF0-64846F6BADC7}"
EndProject
Project("{FAE04EC0-301F-11D3-BF4B-00C04F79EFBC}") = "Domain", "Domain\Domain.csproj", "{D1A7C16F-7A38-4F36-BEFF-92212F46E5F2}"
EndProject
Global
	GlobalSection(SolutionConfigurationPlatforms) = preSolution
		Debug|Any CPU = Debug|Any CPU
		Release|Any CPU = Release|Any CPU
	EndGlobalSection
	GlobalSection(ProjectConfigurationPlatforms) = postSolution
		{1DF99AB5-7EAF-4292-98EB-D46253C2C363}.Debug|Any CPU.ActiveCfg = Debug|Any CPU
		{1DF99AB5-7EAF-4292-98EB-D46253C2C363}.Debug|Any CPU.Build.0 = Debug|Any CPU
		{1DF99AB5-7EAF-4292-98EB-D46253C2C363}.Release|Any CPU.ActiveCfg = Release|Any CPU
		{1DF99AB5-7EAF-4292-98EB-D46253C2C363}.Release|Any CPU.Build.0 = Release|Any CPU
		{067DAA47-C1FB-4E80-8FE8-C4D258566F27}.Debug|Any CPU.ActiveCfg = Debug|Any CPU
		{067DAA47-C1FB-4E80-8FE8-C4D258566F27}.Debug|Any CPU.Build.0 = Debug|Any CPU
		{067DAA47-C1FB-4E80-8FE8-C4D258566F27}.Release|Any CPU.ActiveCfg = Release|Any CPU
		{067DAA47-C1FB-4E80-8FE8-C4D258566F27}.Release|Any CPU.Build.0 = Release|Any CPU
		{77A9038C-AC5C-4FE8-ACF0-64846F6BADC7}.Debug|Any CPU.ActiveCfg = Debug|Any CPU
		{77A9038C-AC5C-4FE8-ACF0-64846F6BADC7}.Debug|Any CPU.Build.0 = Debug|Any CPU
		{77A9038C-AC5C-4FE8-ACF0-64846F6BADC7}.Release|Any CPU.ActiveCfg = Release|Any CPU
		{77A9038C-AC5C-4FE8-ACF0-64846F6BADC7}.Release|Any CPU.Build.0 = Release|Any CPU
		{D1A7C16F-7A38-4F36-BEFF-92212F46E5F2}.Debug|Any CPU.ActiveCfg = Debug|Any CPU
		{D1A7C16F-7A38-4F36-BEFF-92212F46E5F2}.Debug|Any CPU.Build.0 = Debug|Any CPU
		{D1A7C16F-7A38-4F36-BEFF-92212F46E5F2}.Release|Any CPU.ActiveCfg = Release|Any CPU
		{D1A7C16F-7A38-4F36-BEFF-92212F46E5F2}.Release|Any CPU.Build.0 = Release|Any CPU
	EndGlobalSection
	GlobalSection(SolutionProperties) = preSolution
		HideSolutionNode = FALSE
	EndGlobalSection
	GlobalSection(ExtensibilityGlobals) = postSolution
		SolutionGuid = {5A5D9F7E-48ED-4C6E-A8BD-5FAA60A33E79}
	EndGlobalSection
EndGlobal
